
Microsoft Visual Studio Solution File, Format Version 12.00
# Visual Studio Version 16
VisualStudioVersion = 16.0.30711.63
MinimumVisualStudioVersion = 10.0.40219.1
Project("{8BC9CEB8-8B4A-11D0-8D11-00A0C91BC942}") = "Semestralni_prace_DSA", "Semestralni_prace_DSA\Semestralni_prace_DSA.vcxproj", "{8682666A-7460-4CAF-9033-7FAF8CB44204}"
EndProject
Global
	GlobalSection(SolutionConfigurationPlatforms) = preSolution
		Debug|x64 = Debug|x64
		Debug|x86 = Debug|x86
		Release|x64 = Release|x64
		Release|x86 = Release|x86
	EndGlobalSection
	GlobalSection(ProjectConfigurationPlatforms) = postSolution
		{8682666A-7460-4CAF-9033-7FAF8CB44204}.Debug|x64.ActiveCfg = Debug|x64
		{8682666A-7460-4CAF-9033-7FAF8CB44204}.Debug|x64.Build.0 = Debug|x64
		{8682666A-7460-4CAF-9033-7FAF8CB44204}.Debug|x86.ActiveCfg = Debug|Win32
		{8682666A-7460-4CAF-9033-7FAF8CB44204}.Debug|x86.Build.0 = Debug|Win32
		{8682666A-7460-4CAF-9033-7FAF8CB44204}.Release|x64.ActiveCfg = Release|x64
		{8682666A-7460-4CAF-9033-7FAF8CB44204}.Release|x64.Build.0 = Release|x64
		{8682666A-7460-4CAF-9033-7FAF8CB44204}.Release|x86.ActiveCfg = Release|Win32
		{8682666A-7460-4CAF-9033-7FAF8CB44204}.Release|x86.Build.0 = Release|Win32
	EndGlobalSection
	GlobalSection(SolutionProperties) = preSolution
		HideSolutionNode = FALSE
	EndGlobalSection
	GlobalSection(ExtensibilityGlobals) = postSolution
		SolutionGuid = {F16BFE39-8BB5-4739-909B-419EF2FABDC6}
	EndGlobalSection
EndGlobal
